
Microsoft Visual Studio Solution File, Format Version 12.00
# Visual Studio Version 17
VisualStudioVersion = 17.0.31903.59
MinimumVisualStudioVersion = 10.0.40219.1
Project("{8BC9CEB8-8B4A-11D0-8D11-00A0C91BC942}") = "Utils", "Utils\Utils.vcxproj", "{3A795492-0629-4DCF-B984-522DE227E5EC}"
EndProject
Project("{8BC9CEB8-8B4A-11D0-8D11-00A0C91BC942}") = "TestApp", "TestApp\TestApp.vcxproj", "{984D153B-3B43-462A-B466-EC1201FE332F}"
EndProject
Project("{8BC9CEB8-8B4A-11D0-8D11-00A0C91BC942}") = "Debugger", "Debugger\Debugger.vcxproj", "{413A99F4-7B7E-420F-86F6-6DA5FBFCCB66}"
EndProject
Global
	GlobalSection(SolutionConfigurationPlatforms) = preSolution
		Debug|x64 = Debug|x64
		Debug|x86 = Debug|x86
		Release|x64 = Release|x64
		Release|x86 = Release|x86
	EndGlobalSection
	GlobalSection(ProjectConfigurationPlatforms) = postSolution
		{3A795492-0629-4DCF-B984-522DE227E5EC}.Debug|x64.ActiveCfg = Debug|x64
		{3A795492-0629-4DCF-B984-522DE227E5EC}.Debug|x64.Build.0 = Debug|x64
		{3A795492-0629-4DCF-B984-522DE227E5EC}.Debug|x86.ActiveCfg = Debug|Win32
		{3A795492-0629-4DCF-B984-522DE227E5EC}.Debug|x86.Build.0 = Debug|Win32
		{3A795492-0629-4DCF-B984-522DE227E5EC}.Release|x64.ActiveCfg = Release|x64
		{3A795492-0629-4DCF-B984-522DE227E5EC}.Release|x64.Build.0 = Release|x64
		{3A795492-0629-4DCF-B984-522DE227E5EC}.Release|x86.ActiveCfg = Release|Win32
		{3A795492-0629-4DCF-B984-522DE227E5EC}.Release|x86.Build.0 = Release|Win32
		{984D153B-3B43-462A-B466-EC1201FE332F}.Debug|x64.ActiveCfg = Debug|x64
		{984D153B-3B43-462A-B466-EC1201FE332F}.Debug|x64.Build.0 = Debug|x64
		{984D153B-3B43-462A-B466-EC1201FE332F}.Debug|x86.ActiveCfg = Debug|Win32
		{984D153B-3B43-462A-B466-EC1201FE332F}.Debug|x86.Build.0 = Debug|Win32
		{984D153B-3B43-462A-B466-EC1201FE332F}.Release|x64.ActiveCfg = Release|x64
		{984D153B-3B43-462A-B466-EC1201FE332F}.Release|x64.Build.0 = Release|x64
		{984D153B-3B43-462A-B466-EC1201FE332F}.Release|x86.ActiveCfg = Release|Win32
		{984D153B-3B43-462A-B466-EC1201FE332F}.Release|x86.Build.0 = Release|Win32
		{413A99F4-7B7E-420F-86F6-6DA5FBFCCB66}.Debug|x64.ActiveCfg = Debug|x64
		{413A99F4-7B7E-420F-86F6-6DA5FBFCCB66}.Debug|x64.Build.0 = Debug|x64
		{413A99F4-7B7E-420F-86F6-6DA5FBFCCB66}.Debug|x86.ActiveCfg = Debug|Win32
		{413A99F4-7B7E-420F-86F6-6DA5FBFCCB66}.Debug|x86.Build.0 = Debug|Win32
		{413A99F4-7B7E-420F-86F6-6DA5FBFCCB66}.Release|x64.ActiveCfg = Release|x64
		{413A99F4-7B7E-420F-86F6-6DA5FBFCCB66}.Release|x64.Build.0 = Release|x64
		{413A99F4-7B7E-420F-86F6-6DA5FBFCCB66}.Release|x86.ActiveCfg = Release|Win32
		{413A99F4-7B7E-420F-86F6-6DA5FBFCCB66}.Release|x86.Build.0 = Release|Win32
	EndGlobalSection
	GlobalSection(SolutionProperties) = preSolution
		HideSolutionNode = FALSE
	EndGlobalSection
	GlobalSection(ExtensibilityGlobals) = postSolution
		SolutionGuid = {FC730486-E595-402F-AD7C-429847394D30}
	EndGlobalSection
EndGlobal
